// !$*UTF8*$!
{
	archiveVersion = 1;
	classes = {
	};
	objectVersion = 46;
	objects = {

/* Begin PBXBuildFile section */
		134066092CEEBF826E7D9D0C /* Pods_FOTF.framework in Frameworks */ = {isa = PBXBuildFile; fileRef = C09E9C8D81947AECB4B4FE96 /* Pods_FOTF.framework */; };
		463A2A1B1EE0FBAB0076CCB9 /* FoodDetailViewController.swift in Sources */ = {isa = PBXBuildFile; fileRef = 463A2A1A1EE0FBAB0076CCB9 /* FoodDetailViewController.swift */; };
		46BA973B1EE64DCA00AD2340 /* ExerciseDetailViewController.swift in Sources */ = {isa = PBXBuildFile; fileRef = 46BA973A1EE64DCA00AD2340 /* ExerciseDetailViewController.swift */; };
		46BA97451EE67F0800AD2340 /* Goal.swift in Sources */ = {isa = PBXBuildFile; fileRef = 46BA97441EE67F0800AD2340 /* Goal.swift */; };
		46BA97471EE68D8400AD2340 /* GoalViewController.swift in Sources */ = {isa = PBXBuildFile; fileRef = 46BA97461EE68D8400AD2340 /* GoalViewController.swift */; };
		46BA97491EE68DB200AD2340 /* ExerciseGoalViewController.swift in Sources */ = {isa = PBXBuildFile; fileRef = 46BA97481EE68DB200AD2340 /* ExerciseGoalViewController.swift */; };
		46BA974B1EE68DC400AD2340 /* NutritionGoalViewController.swift in Sources */ = {isa = PBXBuildFile; fileRef = 46BA974A1EE68DC400AD2340 /* NutritionGoalViewController.swift */; };
		46BA97511EE6B49D00AD2340 /* GoalTableViewCell.swift in Sources */ = {isa = PBXBuildFile; fileRef = 46BA97501EE6B49D00AD2340 /* GoalTableViewCell.swift */; };
		4F59A3B47917FF02D587BD93 /* Pods_FOTFTests.framework in Frameworks */ = {isa = PBXBuildFile; fileRef = 2F37F85C6540F8C693422EFB /* Pods_FOTFTests.framework */; };
		695C9EC51EE3A20D003DB272 /* EditAccountViewController.swift in Sources */ = {isa = PBXBuildFile; fileRef = 695C9EC41EE3A20D003DB272 /* EditAccountViewController.swift */; };
		69F17B491EE0A4B500AF69BD /* User.swift in Sources */ = {isa = PBXBuildFile; fileRef = 69F17B481EE0A4B500AF69BD /* User.swift */; };
		6D34A2371ECE6E8800F7CCA1 /* AppDelegate.swift in Sources */ = {isa = PBXBuildFile; fileRef = 6D34A2361ECE6E8800F7CCA1 /* AppDelegate.swift */; };
		6D34A2391ECE6E8800F7CCA1 /* FoodViewController.swift in Sources */ = {isa = PBXBuildFile; fileRef = 6D34A2381ECE6E8800F7CCA1 /* FoodViewController.swift */; };
		6D34A23B1ECE6E8800F7CCA1 /* ExerciseViewController.swift in Sources */ = {isa = PBXBuildFile; fileRef = 6D34A23A1ECE6E8800F7CCA1 /* ExerciseViewController.swift */; };
		6D34A23E1ECE6E8800F7CCA1 /* Main.storyboard in Resources */ = {isa = PBXBuildFile; fileRef = 6D34A23C1ECE6E8800F7CCA1 /* Main.storyboard */; };
		6D34A2401ECE6E8800F7CCA1 /* Assets.xcassets in Resources */ = {isa = PBXBuildFile; fileRef = 6D34A23F1ECE6E8800F7CCA1 /* Assets.xcassets */; };
		6D34A2431ECE6E8800F7CCA1 /* LaunchScreen.storyboard in Resources */ = {isa = PBXBuildFile; fileRef = 6D34A2411ECE6E8800F7CCA1 /* LaunchScreen.storyboard */; };
		6D34A24E1ECE6E8800F7CCA1 /* FOTFTests.swift in Sources */ = {isa = PBXBuildFile; fileRef = 6D34A24D1ECE6E8800F7CCA1 /* FOTFTests.swift */; };
		6D34A2591ECE709F00F7CCA1 /* AccountViewController.swift in Sources */ = {isa = PBXBuildFile; fileRef = 6D34A2581ECE709F00F7CCA1 /* AccountViewController.swift */; };
		6D4AB84A1ECE7AA000D2021B /* GoogleService-Info.plist in Resources */ = {isa = PBXBuildFile; fileRef = 6D4AB8491ECE7AA000D2021B /* GoogleService-Info.plist */; };
		6D90AB9A1EE0E6CD0032EE6A /* Exercise.swift in Sources */ = {isa = PBXBuildFile; fileRef = 6D90AB991EE0E6CD0032EE6A /* Exercise.swift */; };
		6D90AB9C1EE0E7C10032EE6A /* AerobicExerciseViewController.swift in Sources */ = {isa = PBXBuildFile; fileRef = 6D90AB9B1EE0E7C10032EE6A /* AerobicExerciseViewController.swift */; };
		6D90AB9E1EE10BD20032EE6A /* StrengthExerciseViewController.swift in Sources */ = {isa = PBXBuildFile; fileRef = 6D90AB9D1EE10BD20032EE6A /* StrengthExerciseViewController.swift */; };
		6DA6E6251ED7EE6000DE9E44 /* Food.swift in Sources */ = {isa = PBXBuildFile; fileRef = 6DA6E6241ED7EE6000DE9E44 /* Food.swift */; };
		6DB948A41EE7279800A3EF52 /* WeightLossGoalViewController.swift in Sources */ = {isa = PBXBuildFile; fileRef = 6DB948A31EE7279800A3EF52 /* WeightLossGoalViewController.swift */; };
		E34B37E81EE54B2800C0C7CC /* DateEntryExercise.swift in Sources */ = {isa = PBXBuildFile; fileRef = E34B37E71EE54B2800C0C7CC /* DateEntryExercise.swift */; };
		E34B37EA1EE5517400C0C7CC /* ExerciseTableViewCell.swift in Sources */ = {isa = PBXBuildFile; fileRef = E34B37E91EE5517400C0C7CC /* ExerciseTableViewCell.swift */; };
		E3CB2B491EE3DBE900D03436 /* DateEntryFood.swift in Sources */ = {isa = PBXBuildFile; fileRef = E3CB2B481EE3DBE900D03436 /* DateEntryFood.swift */; };
		E3F60E751EDD6F7A00730BAD /* ComposeNewFoodEntryViewController.swift in Sources */ = {isa = PBXBuildFile; fileRef = E3F60E741EDD6F7A00730BAD /* ComposeNewFoodEntryViewController.swift */; };
		E3FF60391ECEA8F0002CD4F4 /* LoginViewController.swift in Sources */ = {isa = PBXBuildFile; fileRef = E3FF60381ECEA8F0002CD4F4 /* LoginViewController.swift */; };
		E3FF603C1ECEA979002CD4F4 /* LoginTextField.swift in Sources */ = {isa = PBXBuildFile; fileRef = E3FF603B1ECEA979002CD4F4 /* LoginTextField.swift */; };
/* End PBXBuildFile section */

/* Begin PBXContainerItemProxy section */
		6D34A24A1ECE6E8800F7CCA1 /* PBXContainerItemProxy */ = {
			isa = PBXContainerItemProxy;
			containerPortal = 6D34A22B1ECE6E8700F7CCA1 /* Project object */;
			proxyType = 1;
			remoteGlobalIDString = 6D34A2321ECE6E8700F7CCA1;
			remoteInfo = FOTF;
		};
/* End PBXContainerItemProxy section */

/* Begin PBXFileReference section */
		0DB75BCDA3B43CE990EC48AA /* Pods-FOTFTests.debug.xcconfig */ = {isa = PBXFileReference; includeInIndex = 1; lastKnownFileType = text.xcconfig; name = "Pods-FOTFTests.debug.xcconfig"; path = "Pods/Target Support Files/Pods-FOTFTests/Pods-FOTFTests.debug.xcconfig"; sourceTree = "<group>"; };
		2F37F85C6540F8C693422EFB /* Pods_FOTFTests.framework */ = {isa = PBXFileReference; explicitFileType = wrapper.framework; includeInIndex = 0; path = Pods_FOTFTests.framework; sourceTree = BUILT_PRODUCTS_DIR; };
		30A06DD6734BB825B7C16E92 /* Pods-FOTF.debug.xcconfig */ = {isa = PBXFileReference; includeInIndex = 1; lastKnownFileType = text.xcconfig; name = "Pods-FOTF.debug.xcconfig"; path = "Pods/Target Support Files/Pods-FOTF/Pods-FOTF.debug.xcconfig"; sourceTree = "<group>"; };
		463A2A1A1EE0FBAB0076CCB9 /* FoodDetailViewController.swift */ = {isa = PBXFileReference; fileEncoding = 4; lastKnownFileType = sourcecode.swift; path = FoodDetailViewController.swift; sourceTree = "<group>"; };
		46BA973A1EE64DCA00AD2340 /* ExerciseDetailViewController.swift */ = {isa = PBXFileReference; fileEncoding = 4; lastKnownFileType = sourcecode.swift; path = ExerciseDetailViewController.swift; sourceTree = "<group>"; };
		46BA97441EE67F0800AD2340 /* Goal.swift */ = {isa = PBXFileReference; fileEncoding = 4; lastKnownFileType = sourcecode.swift; path = Goal.swift; sourceTree = "<group>"; };
		46BA97461EE68D8400AD2340 /* GoalViewController.swift */ = {isa = PBXFileReference; fileEncoding = 4; lastKnownFileType = sourcecode.swift; path = GoalViewController.swift; sourceTree = "<group>"; };
		46BA97481EE68DB200AD2340 /* ExerciseGoalViewController.swift */ = {isa = PBXFileReference; fileEncoding = 4; lastKnownFileType = sourcecode.swift; path = ExerciseGoalViewController.swift; sourceTree = "<group>"; };
		46BA974A1EE68DC400AD2340 /* NutritionGoalViewController.swift */ = {isa = PBXFileReference; fileEncoding = 4; lastKnownFileType = sourcecode.swift; path = NutritionGoalViewController.swift; sourceTree = "<group>"; };
		46BA97501EE6B49D00AD2340 /* GoalTableViewCell.swift */ = {isa = PBXFileReference; fileEncoding = 4; lastKnownFileType = sourcecode.swift; path = GoalTableViewCell.swift; sourceTree = "<group>"; };
		5B40344CDAE4BE6D7F73E0DD /* Pods-FOTF.release.xcconfig */ = {isa = PBXFileReference; includeInIndex = 1; lastKnownFileType = text.xcconfig; name = "Pods-FOTF.release.xcconfig"; path = "Pods/Target Support Files/Pods-FOTF/Pods-FOTF.release.xcconfig"; sourceTree = "<group>"; };
		695C9EC41EE3A20D003DB272 /* EditAccountViewController.swift */ = {isa = PBXFileReference; fileEncoding = 4; lastKnownFileType = sourcecode.swift; path = EditAccountViewController.swift; sourceTree = "<group>"; };
		69F17B481EE0A4B500AF69BD /* User.swift */ = {isa = PBXFileReference; fileEncoding = 4; lastKnownFileType = sourcecode.swift; path = User.swift; sourceTree = "<group>"; };
		6D34A2331ECE6E8800F7CCA1 /* FOTF.app */ = {isa = PBXFileReference; explicitFileType = wrapper.application; includeInIndex = 0; path = FOTF.app; sourceTree = BUILT_PRODUCTS_DIR; };
		6D34A2361ECE6E8800F7CCA1 /* AppDelegate.swift */ = {isa = PBXFileReference; lastKnownFileType = sourcecode.swift; path = AppDelegate.swift; sourceTree = "<group>"; };
		6D34A2381ECE6E8800F7CCA1 /* FoodViewController.swift */ = {isa = PBXFileReference; lastKnownFileType = sourcecode.swift; path = FoodViewController.swift; sourceTree = "<group>"; };
		6D34A23A1ECE6E8800F7CCA1 /* ExerciseViewController.swift */ = {isa = PBXFileReference; lastKnownFileType = sourcecode.swift; path = ExerciseViewController.swift; sourceTree = "<group>"; };
		6D34A23D1ECE6E8800F7CCA1 /* Base */ = {isa = PBXFileReference; lastKnownFileType = file.storyboard; name = Base; path = Base.lproj/Main.storyboard; sourceTree = "<group>"; };
		6D34A23F1ECE6E8800F7CCA1 /* Assets.xcassets */ = {isa = PBXFileReference; lastKnownFileType = folder.assetcatalog; path = Assets.xcassets; sourceTree = "<group>"; };
		6D34A2421ECE6E8800F7CCA1 /* Base */ = {isa = PBXFileReference; lastKnownFileType = file.storyboard; name = Base; path = Base.lproj/LaunchScreen.storyboard; sourceTree = "<group>"; };
		6D34A2441ECE6E8800F7CCA1 /* Info.plist */ = {isa = PBXFileReference; lastKnownFileType = text.plist.xml; path = Info.plist; sourceTree = "<group>"; };
		6D34A2491ECE6E8800F7CCA1 /* FOTFTests.xctest */ = {isa = PBXFileReference; explicitFileType = wrapper.cfbundle; includeInIndex = 0; path = FOTFTests.xctest; sourceTree = BUILT_PRODUCTS_DIR; };
		6D34A24D1ECE6E8800F7CCA1 /* FOTFTests.swift */ = {isa = PBXFileReference; lastKnownFileType = sourcecode.swift; path = FOTFTests.swift; sourceTree = "<group>"; };
		6D34A24F1ECE6E8800F7CCA1 /* Info.plist */ = {isa = PBXFileReference; lastKnownFileType = text.plist.xml; path = Info.plist; sourceTree = "<group>"; };
		6D34A2581ECE709F00F7CCA1 /* AccountViewController.swift */ = {isa = PBXFileReference; fileEncoding = 4; lastKnownFileType = sourcecode.swift; path = AccountViewController.swift; sourceTree = "<group>"; };
		6D4AB8491ECE7AA000D2021B /* GoogleService-Info.plist */ = {isa = PBXFileReference; fileEncoding = 4; lastKnownFileType = text.plist.xml; path = "GoogleService-Info.plist"; sourceTree = "<group>"; };
		6D90AB991EE0E6CD0032EE6A /* Exercise.swift */ = {isa = PBXFileReference; fileEncoding = 4; lastKnownFileType = sourcecode.swift; path = Exercise.swift; sourceTree = "<group>"; };
		6D90AB9B1EE0E7C10032EE6A /* AerobicExerciseViewController.swift */ = {isa = PBXFileReference; fileEncoding = 4; lastKnownFileType = sourcecode.swift; path = AerobicExerciseViewController.swift; sourceTree = "<group>"; };
		6D90AB9D1EE10BD20032EE6A /* StrengthExerciseViewController.swift */ = {isa = PBXFileReference; fileEncoding = 4; lastKnownFileType = sourcecode.swift; path = StrengthExerciseViewController.swift; sourceTree = "<group>"; };
		6DA6E6241ED7EE6000DE9E44 /* Food.swift */ = {isa = PBXFileReference; fileEncoding = 4; lastKnownFileType = sourcecode.swift; path = Food.swift; sourceTree = "<group>"; };
		6DB948A31EE7279800A3EF52 /* WeightLossGoalViewController.swift */ = {isa = PBXFileReference; fileEncoding = 4; lastKnownFileType = sourcecode.swift; path = WeightLossGoalViewController.swift; sourceTree = "<group>"; };
		824F4D912E6DF6E757212FFB /* Pods-FOTFTests.release.xcconfig */ = {isa = PBXFileReference; includeInIndex = 1; lastKnownFileType = text.xcconfig; name = "Pods-FOTFTests.release.xcconfig"; path = "Pods/Target Support Files/Pods-FOTFTests/Pods-FOTFTests.release.xcconfig"; sourceTree = "<group>"; };
		C09E9C8D81947AECB4B4FE96 /* Pods_FOTF.framework */ = {isa = PBXFileReference; explicitFileType = wrapper.framework; includeInIndex = 0; path = Pods_FOTF.framework; sourceTree = BUILT_PRODUCTS_DIR; };
		E34B37E71EE54B2800C0C7CC /* DateEntryExercise.swift */ = {isa = PBXFileReference; fileEncoding = 4; lastKnownFileType = sourcecode.swift; path = DateEntryExercise.swift; sourceTree = "<group>"; };
		E34B37E91EE5517400C0C7CC /* ExerciseTableViewCell.swift */ = {isa = PBXFileReference; fileEncoding = 4; lastKnownFileType = sourcecode.swift; path = ExerciseTableViewCell.swift; sourceTree = "<group>"; };
		E3CB2B481EE3DBE900D03436 /* DateEntryFood.swift */ = {isa = PBXFileReference; fileEncoding = 4; lastKnownFileType = sourcecode.swift; path = DateEntryFood.swift; sourceTree = "<group>"; };
		E3F60E741EDD6F7A00730BAD /* ComposeNewFoodEntryViewController.swift */ = {isa = PBXFileReference; fileEncoding = 4; lastKnownFileType = sourcecode.swift; path = ComposeNewFoodEntryViewController.swift; sourceTree = "<group>"; };
		E3FF60381ECEA8F0002CD4F4 /* LoginViewController.swift */ = {isa = PBXFileReference; fileEncoding = 4; lastKnownFileType = sourcecode.swift; path = LoginViewController.swift; sourceTree = "<group>"; };
		E3FF603B1ECEA979002CD4F4 /* LoginTextField.swift */ = {isa = PBXFileReference; fileEncoding = 4; lastKnownFileType = sourcecode.swift; path = LoginTextField.swift; sourceTree = "<group>"; };
/* End PBXFileReference section */

/* Begin PBXFrameworksBuildPhase section */
		6D34A2301ECE6E8700F7CCA1 /* Frameworks */ = {
			isa = PBXFrameworksBuildPhase;
			buildActionMask = 2147483647;
			files = (
				134066092CEEBF826E7D9D0C /* Pods_FOTF.framework in Frameworks */,
			);
			runOnlyForDeploymentPostprocessing = 0;
		};
		6D34A2461ECE6E8800F7CCA1 /* Frameworks */ = {
			isa = PBXFrameworksBuildPhase;
			buildActionMask = 2147483647;
			files = (
				4F59A3B47917FF02D587BD93 /* Pods_FOTFTests.framework in Frameworks */,
			);
			runOnlyForDeploymentPostprocessing = 0;
		};
/* End PBXFrameworksBuildPhase section */

/* Begin PBXGroup section */
		0FC1D45A8D942890B028519B /* Frameworks */ = {
			isa = PBXGroup;
			children = (
				C09E9C8D81947AECB4B4FE96 /* Pods_FOTF.framework */,
				2F37F85C6540F8C693422EFB /* Pods_FOTFTests.framework */,
			);
			name = Frameworks;
			sourceTree = "<group>";
		};
		6D34A22A1ECE6E8700F7CCA1 = {
			isa = PBXGroup;
			children = (
				6D34A2351ECE6E8800F7CCA1 /* FOTF */,
				6D34A24C1ECE6E8800F7CCA1 /* FOTFTests */,
				6D34A2341ECE6E8800F7CCA1 /* Products */,
				84048455AD20474119927B9C /* Pods */,
				0FC1D45A8D942890B028519B /* Frameworks */,
			);
			sourceTree = "<group>";
		};
		6D34A2341ECE6E8800F7CCA1 /* Products */ = {
			isa = PBXGroup;
			children = (
				6D34A2331ECE6E8800F7CCA1 /* FOTF.app */,
				6D34A2491ECE6E8800F7CCA1 /* FOTFTests.xctest */,
			);
			name = Products;
			sourceTree = "<group>";
		};
		6D34A2351ECE6E8800F7CCA1 /* FOTF */ = {
			isa = PBXGroup;
			children = (
				E3FF603A1ECEA91C002CD4F4 /* ViewControllers */,
				6D34A2361ECE6E8800F7CCA1 /* AppDelegate.swift */,
				E3FF603F1ECEDC06002CD4F4 /* UIClasses */,
				6D34A23C1ECE6E8800F7CCA1 /* Main.storyboard */,
				6D34A23F1ECE6E8800F7CCA1 /* Assets.xcassets */,
				6D34A2411ECE6E8800F7CCA1 /* LaunchScreen.storyboard */,
				6D4AB8491ECE7AA000D2021B /* GoogleService-Info.plist */,
				6D34A2441ECE6E8800F7CCA1 /* Info.plist */,
			);
			path = FOTF;
			sourceTree = "<group>";
		};
		6D34A24C1ECE6E8800F7CCA1 /* FOTFTests */ = {
			isa = PBXGroup;
			children = (
				6D34A24D1ECE6E8800F7CCA1 /* FOTFTests.swift */,
				6D34A24F1ECE6E8800F7CCA1 /* Info.plist */,
			);
			path = FOTFTests;
			sourceTree = "<group>";
		};
		84048455AD20474119927B9C /* Pods */ = {
			isa = PBXGroup;
			children = (
				30A06DD6734BB825B7C16E92 /* Pods-FOTF.debug.xcconfig */,
				5B40344CDAE4BE6D7F73E0DD /* Pods-FOTF.release.xcconfig */,
				0DB75BCDA3B43CE990EC48AA /* Pods-FOTFTests.debug.xcconfig */,
				824F4D912E6DF6E757212FFB /* Pods-FOTFTests.release.xcconfig */,
			);
			name = Pods;
			sourceTree = "<group>";
		};
		E3FF603A1ECEA91C002CD4F4 /* ViewControllers */ = {
			isa = PBXGroup;
			children = (
				E3FF60381ECEA8F0002CD4F4 /* LoginViewController.swift */,
				6D34A2381ECE6E8800F7CCA1 /* FoodViewController.swift */,
				6DA6E6241ED7EE6000DE9E44 /* Food.swift */,
				6D90AB991EE0E6CD0032EE6A /* Exercise.swift */,
				46BA97441EE67F0800AD2340 /* Goal.swift */,
				6D34A23A1ECE6E8800F7CCA1 /* ExerciseViewController.swift */,
				6D34A2581ECE709F00F7CCA1 /* AccountViewController.swift */,
				46BA97461EE68D8400AD2340 /* GoalViewController.swift */,
				46BA97481EE68DB200AD2340 /* ExerciseGoalViewController.swift */,
				46BA974A1EE68DC400AD2340 /* NutritionGoalViewController.swift */,
				6DB948A31EE7279800A3EF52 /* WeightLossGoalViewController.swift */,
				E3F60E741EDD6F7A00730BAD /* ComposeNewFoodEntryViewController.swift */,
				6D90AB9B1EE0E7C10032EE6A /* AerobicExerciseViewController.swift */,
				6D90AB9D1EE10BD20032EE6A /* StrengthExerciseViewController.swift */,
				463A2A1A1EE0FBAB0076CCB9 /* FoodDetailViewController.swift */,
				46BA973A1EE64DCA00AD2340 /* ExerciseDetailViewController.swift */,
				69F17B481EE0A4B500AF69BD /* User.swift */,
				E3CB2B481EE3DBE900D03436 /* DateEntryFood.swift */,
				695C9EC41EE3A20D003DB272 /* EditAccountViewController.swift */,
				E34B37E71EE54B2800C0C7CC /* DateEntryExercise.swift */,
			);
			name = ViewControllers;
			sourceTree = "<group>";
		};
		E3FF603F1ECEDC06002CD4F4 /* UIClasses */ = {
			isa = PBXGroup;
			children = (
				E3FF603B1ECEA979002CD4F4 /* LoginTextField.swift */,
				E34B37E91EE5517400C0C7CC /* ExerciseTableViewCell.swift */,
				46BA97501EE6B49D00AD2340 /* GoalTableViewCell.swift */,
			);
			name = UIClasses;
			sourceTree = "<group>";
		};
/* End PBXGroup section */

/* Begin PBXNativeTarget section */
		6D34A2321ECE6E8700F7CCA1 /* FOTF */ = {
			isa = PBXNativeTarget;
			buildConfigurationList = 6D34A2521ECE6E8800F7CCA1 /* Build configuration list for PBXNativeTarget "FOTF" */;
			buildPhases = (
				8B77A9E28876045C33467BDA /* [CP] Check Pods Manifest.lock */,
				6D34A22F1ECE6E8700F7CCA1 /* Sources */,
				6D34A2301ECE6E8700F7CCA1 /* Frameworks */,
				6D34A2311ECE6E8700F7CCA1 /* Resources */,
				468D4B58FC7454A630CDA8E0 /* [CP] Embed Pods Frameworks */,
				ADDA1603AC64AE2A330967F5 /* [CP] Copy Pods Resources */,
			);
			buildRules = (
			);
			dependencies = (
			);
			name = FOTF;
			productName = FOTF;
			productReference = 6D34A2331ECE6E8800F7CCA1 /* FOTF.app */;
			productType = "com.apple.product-type.application";
		};
		6D34A2481ECE6E8800F7CCA1 /* FOTFTests */ = {
			isa = PBXNativeTarget;
			buildConfigurationList = 6D34A2551ECE6E8800F7CCA1 /* Build configuration list for PBXNativeTarget "FOTFTests" */;
			buildPhases = (
				589FDF20C48FE3A08BF29033 /* [CP] Check Pods Manifest.lock */,
				6D34A2451ECE6E8800F7CCA1 /* Sources */,
				6D34A2461ECE6E8800F7CCA1 /* Frameworks */,
				6D34A2471ECE6E8800F7CCA1 /* Resources */,
				7766CF69BD248F36D6FFEC02 /* [CP] Embed Pods Frameworks */,
				BCE337A6EEF4154759A2C7EB /* [CP] Copy Pods Resources */,
			);
			buildRules = (
			);
			dependencies = (
				6D34A24B1ECE6E8800F7CCA1 /* PBXTargetDependency */,
			);
			name = FOTFTests;
			productName = FOTFTests;
			productReference = 6D34A2491ECE6E8800F7CCA1 /* FOTFTests.xctest */;
			productType = "com.apple.product-type.bundle.unit-test";
		};
/* End PBXNativeTarget section */

/* Begin PBXProject section */
		6D34A22B1ECE6E8700F7CCA1 /* Project object */ = {
			isa = PBXProject;
			attributes = {
				LastSwiftUpdateCheck = 0830;
				LastUpgradeCheck = 0830;
				ORGANIZATIONNAME = "info-449";
				TargetAttributes = {
					6D34A2321ECE6E8700F7CCA1 = {
						CreatedOnToolsVersion = 8.3.2;
						ProvisioningStyle = Manual;
					};
					6D34A2481ECE6E8800F7CCA1 = {
						CreatedOnToolsVersion = 8.3.2;
						ProvisioningStyle = Automatic;
						TestTargetID = 6D34A2321ECE6E8700F7CCA1;
					};
				};
			};
			buildConfigurationList = 6D34A22E1ECE6E8700F7CCA1 /* Build configuration list for PBXProject "FOTF" */;
			compatibilityVersion = "Xcode 3.2";
			developmentRegion = English;
			hasScannedForEncodings = 0;
			knownRegions = (
				en,
				Base,
			);
			mainGroup = 6D34A22A1ECE6E8700F7CCA1;
			productRefGroup = 6D34A2341ECE6E8800F7CCA1 /* Products */;
			projectDirPath = "";
			projectRoot = "";
			targets = (
				6D34A2321ECE6E8700F7CCA1 /* FOTF */,
				6D34A2481ECE6E8800F7CCA1 /* FOTFTests */,
			);
		};
/* End PBXProject section */

/* Begin PBXResourcesBuildPhase section */
		6D34A2311ECE6E8700F7CCA1 /* Resources */ = {
			isa = PBXResourcesBuildPhase;
			buildActionMask = 2147483647;
			files = (
				6D34A2431ECE6E8800F7CCA1 /* LaunchScreen.storyboard in Resources */,
				6D4AB84A1ECE7AA000D2021B /* GoogleService-Info.plist in Resources */,
				6D34A2401ECE6E8800F7CCA1 /* Assets.xcassets in Resources */,
				6D34A23E1ECE6E8800F7CCA1 /* Main.storyboard in Resources */,
			);
			runOnlyForDeploymentPostprocessing = 0;
		};
		6D34A2471ECE6E8800F7CCA1 /* Resources */ = {
			isa = PBXResourcesBuildPhase;
			buildActionMask = 2147483647;
			files = (
			);
			runOnlyForDeploymentPostprocessing = 0;
		};
/* End PBXResourcesBuildPhase section */

/* Begin PBXShellScriptBuildPhase section */
		468D4B58FC7454A630CDA8E0 /* [CP] Embed Pods Frameworks */ = {
			isa = PBXShellScriptBuildPhase;
			buildActionMask = 2147483647;
			files = (
			);
			inputPaths = (
			);
			name = "[CP] Embed Pods Frameworks";
			outputPaths = (
			);
			runOnlyForDeploymentPostprocessing = 0;
			shellPath = /bin/sh;
			shellScript = "\"${SRCROOT}/Pods/Target Support Files/Pods-FOTF/Pods-FOTF-frameworks.sh\"\n";
			showEnvVarsInLog = 0;
		};
		589FDF20C48FE3A08BF29033 /* [CP] Check Pods Manifest.lock */ = {
			isa = PBXShellScriptBuildPhase;
			buildActionMask = 2147483647;
			files = (
			);
			inputPaths = (
			);
			name = "[CP] Check Pods Manifest.lock";
			outputPaths = (
			);
			runOnlyForDeploymentPostprocessing = 0;
			shellPath = /bin/sh;
			shellScript = "diff \"${PODS_PODFILE_DIR_PATH}/Podfile.lock\" \"${PODS_ROOT}/Manifest.lock\" > /dev/null\nif [ $? != 0 ] ; then\n    # print error to STDERR\n    echo \"error: The sandbox is not in sync with the Podfile.lock. Run 'pod install' or update your CocoaPods installation.\" >&2\n    exit 1\nfi\n";
			showEnvVarsInLog = 0;
		};
		7766CF69BD248F36D6FFEC02 /* [CP] Embed Pods Frameworks */ = {
			isa = PBXShellScriptBuildPhase;
			buildActionMask = 2147483647;
			files = (
			);
			inputPaths = (
			);
			name = "[CP] Embed Pods Frameworks";
			outputPaths = (
			);
			runOnlyForDeploymentPostprocessing = 0;
			shellPath = /bin/sh;
			shellScript = "\"${SRCROOT}/Pods/Target Support Files/Pods-FOTFTests/Pods-FOTFTests-frameworks.sh\"\n";
			showEnvVarsInLog = 0;
		};
		8B77A9E28876045C33467BDA /* [CP] Check Pods Manifest.lock */ = {
			isa = PBXShellScriptBuildPhase;
			buildActionMask = 2147483647;
			files = (
			);
			inputPaths = (
			);
			name = "[CP] Check Pods Manifest.lock";
			outputPaths = (
			);
			runOnlyForDeploymentPostprocessing = 0;
			shellPath = /bin/sh;
			shellScript = "diff \"${PODS_PODFILE_DIR_PATH}/Podfile.lock\" \"${PODS_ROOT}/Manifest.lock\" > /dev/null\nif [ $? != 0 ] ; then\n    # print error to STDERR\n    echo \"error: The sandbox is not in sync with the Podfile.lock. Run 'pod install' or update your CocoaPods installation.\" >&2\n    exit 1\nfi\n";
			showEnvVarsInLog = 0;
		};
		ADDA1603AC64AE2A330967F5 /* [CP] Copy Pods Resources */ = {
			isa = PBXShellScriptBuildPhase;
			buildActionMask = 2147483647;
			files = (
			);
			inputPaths = (
			);
			name = "[CP] Copy Pods Resources";
			outputPaths = (
			);
			runOnlyForDeploymentPostprocessing = 0;
			shellPath = /bin/sh;
			shellScript = "\"${SRCROOT}/Pods/Target Support Files/Pods-FOTF/Pods-FOTF-resources.sh\"\n";
			showEnvVarsInLog = 0;
		};
		BCE337A6EEF4154759A2C7EB /* [CP] Copy Pods Resources */ = {
			isa = PBXShellScriptBuildPhase;
			buildActionMask = 2147483647;
			files = (
			);
			inputPaths = (
			);
			name = "[CP] Copy Pods Resources";
			outputPaths = (
			);
			runOnlyForDeploymentPostprocessing = 0;
			shellPath = /bin/sh;
			shellScript = "\"${SRCROOT}/Pods/Target Support Files/Pods-FOTFTests/Pods-FOTFTests-resources.sh\"\n";
			showEnvVarsInLog = 0;
		};
/* End PBXShellScriptBuildPhase section */

/* Begin PBXSourcesBuildPhase section */
		6D34A22F1ECE6E8700F7CCA1 /* Sources */ = {
			isa = PBXSourcesBuildPhase;
			buildActionMask = 2147483647;
			files = (
				E34B37E81EE54B2800C0C7CC /* DateEntryExercise.swift in Sources */,
				46BA97471EE68D8400AD2340 /* GoalViewController.swift in Sources */,
				46BA97511EE6B49D00AD2340 /* GoalTableViewCell.swift in Sources */,
				46BA974B1EE68DC400AD2340 /* NutritionGoalViewController.swift in Sources */,
				46BA97491EE68DB200AD2340 /* ExerciseGoalViewController.swift in Sources */,
				E3F60E751EDD6F7A00730BAD /* ComposeNewFoodEntryViewController.swift in Sources */,
				463A2A1B1EE0FBAB0076CCB9 /* FoodDetailViewController.swift in Sources */,
				6D34A23B1ECE6E8800F7CCA1 /* ExerciseViewController.swift in Sources */,
				6DB948A41EE7279800A3EF52 /* WeightLossGoalViewController.swift in Sources */,
				6D90AB9C1EE0E7C10032EE6A /* AerobicExerciseViewController.swift in Sources */,
				6D34A2371ECE6E8800F7CCA1 /* AppDelegate.swift in Sources */,
				6D34A2591ECE709F00F7CCA1 /* AccountViewController.swift in Sources */,
				46BA97451EE67F0800AD2340 /* Goal.swift in Sources */,
				6D90AB9A1EE0E6CD0032EE6A /* Exercise.swift in Sources */,
				E3FF603C1ECEA979002CD4F4 /* LoginTextField.swift in Sources */,
				6DA6E6251ED7EE6000DE9E44 /* Food.swift in Sources */,
				E3CB2B491EE3DBE900D03436 /* DateEntryFood.swift in Sources */,
				6D90AB9E1EE10BD20032EE6A /* StrengthExerciseViewController.swift in Sources */,
				E3FF60391ECEA8F0002CD4F4 /* LoginViewController.swift in Sources */,
				695C9EC51EE3A20D003DB272 /* EditAccountViewController.swift in Sources */,
				E34B37EA1EE5517400C0C7CC /* ExerciseTableViewCell.swift in Sources */,
				69F17B491EE0A4B500AF69BD /* User.swift in Sources */,
				46BA973B1EE64DCA00AD2340 /* ExerciseDetailViewController.swift in Sources */,
				6D34A2391ECE6E8800F7CCA1 /* FoodViewController.swift in Sources */,
			);
			runOnlyForDeploymentPostprocessing = 0;
		};
		6D34A2451ECE6E8800F7CCA1 /* Sources */ = {
			isa = PBXSourcesBuildPhase;
			buildActionMask = 2147483647;
			files = (
				6D34A24E1ECE6E8800F7CCA1 /* FOTFTests.swift in Sources */,
			);
			runOnlyForDeploymentPostprocessing = 0;
		};
/* End PBXSourcesBuildPhase section */

/* Begin PBXTargetDependency section */
		6D34A24B1ECE6E8800F7CCA1 /* PBXTargetDependency */ = {
			isa = PBXTargetDependency;
			target = 6D34A2321ECE6E8700F7CCA1 /* FOTF */;
			targetProxy = 6D34A24A1ECE6E8800F7CCA1 /* PBXContainerItemProxy */;
		};
/* End PBXTargetDependency section */

/* Begin PBXVariantGroup section */
		6D34A23C1ECE6E8800F7CCA1 /* Main.storyboard */ = {
			isa = PBXVariantGroup;
			children = (
				6D34A23D1ECE6E8800F7CCA1 /* Base */,
			);
			name = Main.storyboard;
			sourceTree = "<group>";
		};
		6D34A2411ECE6E8800F7CCA1 /* LaunchScreen.storyboard */ = {
			isa = PBXVariantGroup;
			children = (
				6D34A2421ECE6E8800F7CCA1 /* Base */,
			);
			name = LaunchScreen.storyboard;
			sourceTree = "<group>";
		};
/* End PBXVariantGroup section */

/* Begin XCBuildConfiguration section */
		6D34A2501ECE6E8800F7CCA1 /* Debug */ = {
			isa = XCBuildConfiguration;
			buildSettings = {
				ALWAYS_SEARCH_USER_PATHS = NO;
				CLANG_ANALYZER_NONNULL = YES;
				CLANG_ANALYZER_NUMBER_OBJECT_CONVERSION = YES_AGGRESSIVE;
				CLANG_CXX_LANGUAGE_STANDARD = "gnu++0x";
				CLANG_CXX_LIBRARY = "libc++";
				CLANG_ENABLE_MODULES = YES;
				CLANG_ENABLE_OBJC_ARC = YES;
				CLANG_WARN_BOOL_CONVERSION = YES;
				CLANG_WARN_CONSTANT_CONVERSION = YES;
				CLANG_WARN_DIRECT_OBJC_ISA_USAGE = YES_ERROR;
				CLANG_WARN_DOCUMENTATION_COMMENTS = YES;
				CLANG_WARN_EMPTY_BODY = YES;
				CLANG_WARN_ENUM_CONVERSION = YES;
				CLANG_WARN_INFINITE_RECURSION = YES;
				CLANG_WARN_INT_CONVERSION = YES;
				CLANG_WARN_OBJC_ROOT_CLASS = YES_ERROR;
				CLANG_WARN_SUSPICIOUS_MOVE = YES;
				CLANG_WARN_UNREACHABLE_CODE = YES;
				CLANG_WARN__DUPLICATE_METHOD_MATCH = YES;
				"CODE_SIGN_IDENTITY[sdk=iphoneos*]" = "iPhone Developer";
				COPY_PHASE_STRIP = NO;
				DEBUG_INFORMATION_FORMAT = dwarf;
				ENABLE_STRICT_OBJC_MSGSEND = YES;
				ENABLE_TESTABILITY = YES;
				GCC_C_LANGUAGE_STANDARD = gnu99;
				GCC_DYNAMIC_NO_PIC = NO;
				GCC_NO_COMMON_BLOCKS = YES;
				GCC_OPTIMIZATION_LEVEL = 0;
				GCC_PREPROCESSOR_DEFINITIONS = (
					"DEBUG=1",
					"$(inherited)",
				);
				GCC_WARN_64_TO_32_BIT_CONVERSION = YES;
				GCC_WARN_ABOUT_RETURN_TYPE = YES_ERROR;
				GCC_WARN_UNDECLARED_SELECTOR = YES;
				GCC_WARN_UNINITIALIZED_AUTOS = YES_AGGRESSIVE;
				GCC_WARN_UNUSED_FUNCTION = YES;
				GCC_WARN_UNUSED_VARIABLE = YES;
				IPHONEOS_DEPLOYMENT_TARGET = 10.3;
				MTL_ENABLE_DEBUG_INFO = YES;
				ONLY_ACTIVE_ARCH = YES;
				SDKROOT = iphoneos;
				SWIFT_ACTIVE_COMPILATION_CONDITIONS = DEBUG;
				SWIFT_OPTIMIZATION_LEVEL = "-Onone";
				TARGETED_DEVICE_FAMILY = "1,2";
			};
			name = Debug;
		};
		6D34A2511ECE6E8800F7CCA1 /* Release */ = {
			isa = XCBuildConfiguration;
			buildSettings = {
				ALWAYS_SEARCH_USER_PATHS = NO;
				CLANG_ANALYZER_NONNULL = YES;
				CLANG_ANALYZER_NUMBER_OBJECT_CONVERSION = YES_AGGRESSIVE;
				CLANG_CXX_LANGUAGE_STANDARD = "gnu++0x";
				CLANG_CXX_LIBRARY = "libc++";
				CLANG_ENABLE_MODULES = YES;
				CLANG_ENABLE_OBJC_ARC = YES;
				CLANG_WARN_BOOL_CONVERSION = YES;
				CLANG_WARN_CONSTANT_CONVERSION = YES;
				CLANG_WARN_DIRECT_OBJC_ISA_USAGE = YES_ERROR;
				CLANG_WARN_DOCUMENTATION_COMMENTS = YES;
				CLANG_WARN_EMPTY_BODY = YES;
				CLANG_WARN_ENUM_CONVERSION = YES;
				CLANG_WARN_INFINITE_RECURSION = YES;
				CLANG_WARN_INT_CONVERSION = YES;
				CLANG_WARN_OBJC_ROOT_CLASS = YES_ERROR;
				CLANG_WARN_SUSPICIOUS_MOVE = YES;
				CLANG_WARN_UNREACHABLE_CODE = YES;
				CLANG_WARN__DUPLICATE_METHOD_MATCH = YES;
				"CODE_SIGN_IDENTITY[sdk=iphoneos*]" = "iPhone Developer";
				COPY_PHASE_STRIP = NO;
				DEBUG_INFORMATION_FORMAT = "dwarf-with-dsym";
				ENABLE_NS_ASSERTIONS = NO;
				ENABLE_STRICT_OBJC_MSGSEND = YES;
				GCC_C_LANGUAGE_STANDARD = gnu99;
				GCC_NO_COMMON_BLOCKS = YES;
				GCC_WARN_64_TO_32_BIT_CONVERSION = YES;
				GCC_WARN_ABOUT_RETURN_TYPE = YES_ERROR;
				GCC_WARN_UNDECLARED_SELECTOR = YES;
				GCC_WARN_UNINITIALIZED_AUTOS = YES_AGGRESSIVE;
				GCC_WARN_UNUSED_FUNCTION = YES;
				GCC_WARN_UNUSED_VARIABLE = YES;
				IPHONEOS_DEPLOYMENT_TARGET = 10.3;
				MTL_ENABLE_DEBUG_INFO = NO;
				SDKROOT = iphoneos;
				SWIFT_OPTIMIZATION_LEVEL = "-Owholemodule";
				TARGETED_DEVICE_FAMILY = "1,2";
				VALIDATE_PRODUCT = YES;
			};
			name = Release;
		};
		6D34A2531ECE6E8800F7CCA1 /* Debug */ = {
			isa = XCBuildConfiguration;
			baseConfigurationReference = 30A06DD6734BB825B7C16E92 /* Pods-FOTF.debug.xcconfig */;
			buildSettings = {
				ASSETCATALOG_COMPILER_APPICON_NAME = AppIcon;
				DEVELOPMENT_TEAM = "";
				INFOPLIST_FILE = FOTF/Info.plist;
				IPHONEOS_DEPLOYMENT_TARGET = 10.2;
				LD_RUNPATH_SEARCH_PATHS = "$(inherited) @executable_path/Frameworks";
				PRODUCT_BUNDLE_IDENTIFIER = com.info449.FOTF;
				PRODUCT_NAME = "$(TARGET_NAME)";
				PROVISIONING_PROFILE_SPECIFIER = "";
				SWIFT_VERSION = 3.0;
			};
			name = Debug;
		};
		6D34A2541ECE6E8800F7CCA1 /* Release */ = {
			isa = XCBuildConfiguration;
			baseConfigurationReference = 5B40344CDAE4BE6D7F73E0DD /* Pods-FOTF.release.xcconfig */;
			buildSettings = {
				ASSETCATALOG_COMPILER_APPICON_NAME = AppIcon;
				DEVELOPMENT_TEAM = "";
				INFOPLIST_FILE = FOTF/Info.plist;
				IPHONEOS_DEPLOYMENT_TARGET = 10.2;
				LD_RUNPATH_SEARCH_PATHS = "$(inherited) @executable_path/Frameworks";
				PRODUCT_BUNDLE_IDENTIFIER = com.info449.FOTF;
				PRODUCT_NAME = "$(TARGET_NAME)";
				PROVISIONING_PROFILE_SPECIFIER = "";
				SWIFT_VERSION = 3.0;
			};
			name = Release;
		};
		6D34A2561ECE6E8800F7CCA1 /* Debug */ = {
			isa = XCBuildConfiguration;
			baseConfigurationReference = 0DB75BCDA3B43CE990EC48AA /* Pods-FOTFTests.debug.xcconfig */;
			buildSettings = {
				ALWAYS_EMBED_SWIFT_STANDARD_LIBRARIES = YES;
				BUNDLE_LOADER = "$(TEST_HOST)";
				INFOPLIST_FILE = FOTFTests/Info.plist;
				IPHONEOS_DEPLOYMENT_TARGET = 10.2;
				LD_RUNPATH_SEARCH_PATHS = "$(inherited) @executable_path/Frameworks @loader_path/Frameworks";
				PRODUCT_BUNDLE_IDENTIFIER = com.info449.FOTFTests;
				PRODUCT_NAME = "$(TARGET_NAME)";
				SWIFT_VERSION = 3.0;
				TEST_HOST = "$(BUILT_PRODUCTS_DIR)/FOTF.app/FOTF";
			};
			name = Debug;
		};
		6D34A2571ECE6E8800F7CCA1 /* Release */ = {
			isa = XCBuildConfiguration;
			baseConfigurationReference = 824F4D912E6DF6E757212FFB /* Pods-FOTFTests.release.xcconfig */;
			buildSettings = {
				ALWAYS_EMBED_SWIFT_STANDARD_LIBRARIES = YES;
				BUNDLE_LOADER = "$(TEST_HOST)";
				INFOPLIST_FILE = FOTFTests/Info.plist;
				IPHONEOS_DEPLOYMENT_TARGET = 10.2;
				LD_RUNPATH_SEARCH_PATHS = "$(inherited) @executable_path/Frameworks @loader_path/Frameworks";
				PRODUCT_BUNDLE_IDENTIFIER = com.info449.FOTFTests;
				PRODUCT_NAME = "$(TARGET_NAME)";
				SWIFT_VERSION = 3.0;
				TEST_HOST = "$(BUILT_PRODUCTS_DIR)/FOTF.app/FOTF";
			};
			name = Release;
		};
/* End XCBuildConfiguration section */

/* Begin XCConfigurationList section */
		6D34A22E1ECE6E8700F7CCA1 /* Build configuration list for PBXProject "FOTF" */ = {
			isa = XCConfigurationList;
			buildConfigurations = (
				6D34A2501ECE6E8800F7CCA1 /* Debug */,
				6D34A2511ECE6E8800F7CCA1 /* Release */,
			);
			defaultConfigurationIsVisible = 0;
			defaultConfigurationName = Release;
		};
		6D34A2521ECE6E8800F7CCA1 /* Build configuration list for PBXNativeTarget "FOTF" */ = {
			isa = XCConfigurationList;
			buildConfigurations = (
				6D34A2531ECE6E8800F7CCA1 /* Debug */,
				6D34A2541ECE6E8800F7CCA1 /* Release */,
			);
			defaultConfigurationIsVisible = 0;
			defaultConfigurationName = Release;
		};
		6D34A2551ECE6E8800F7CCA1 /* Build configuration list for PBXNativeTarget "FOTFTests" */ = {
			isa = XCConfigurationList;
			buildConfigurations = (
				6D34A2561ECE6E8800F7CCA1 /* Debug */,
				6D34A2571ECE6E8800F7CCA1 /* Release */,
			);
			defaultConfigurationIsVisible = 0;
			defaultConfigurationName = Release;
		};
/* End XCConfigurationList section */
	};
	rootObject = 6D34A22B1ECE6E8700F7CCA1 /* Project object */;
}
